
Microsoft Visual Studio Solution File, Format Version 12.00
# Visual Studio 15
VisualStudioVersion = 15.0.27130.2010
MinimumVisualStudioVersion = 10.0.40219.1
Project("{FAE04EC0-301F-11D3-BF4B-00C04F79EFBC}") = "Dluznicek", "Dluznicek\Dluznicek.csproj", "{8BB57EF8-5978-4C4C-BAD6-71677496049B}"
EndProject
Global
	GlobalSection(SolutionConfigurationPlatforms) = preSolution
		Debug|Any CPU = Debug|Any CPU
		Release|Any CPU = Release|Any CPU
	EndGlobalSection
	GlobalSection(ProjectConfigurationPlatforms) = postSolution
		{8BB57EF8-5978-4C4C-BAD6-71677496049B}.Debug|Any CPU.ActiveCfg = Debug|Any CPU
		{8BB57EF8-5978-4C4C-BAD6-71677496049B}.Debug|Any CPU.Build.0 = Debug|Any CPU
		{8BB57EF8-5978-4C4C-BAD6-71677496049B}.Release|Any CPU.ActiveCfg = Release|Any CPU
		{8BB57EF8-5978-4C4C-BAD6-71677496049B}.Release|Any CPU.Build.0 = Release|Any CPU
	EndGlobalSection
	GlobalSection(SolutionProperties) = preSolution
		HideSolutionNode = FALSE
	EndGlobalSection
	GlobalSection(ExtensibilityGlobals) = postSolution
		SolutionGuid = {8EA0A543-A120-4DC0-8294-F2F686CE7092}
	EndGlobalSection
EndGlobal
